
Microsoft Visual Studio Solution File, Format Version 12.00
# Visual Studio Version 17
VisualStudioVersion = 17.2.32630.192
MinimumVisualStudioVersion = 10.0.40219.1
Project("{FAE04EC0-301F-11D3-BF4B-00C04F79EFBC}") = "G_UNAMAD_CEPRE_API", "G_UNAMAD_CEPRE_API\G_UNAMAD_CEPRE_API.csproj", "{EB19A646-F21D-4CD8-ADC7-D7BCBAE25179}"
EndProject
Global
	GlobalSection(SolutionConfigurationPlatforms) = preSolution
		Debug|Any CPU = Debug|Any CPU
		Release|Any CPU = Release|Any CPU
	EndGlobalSection
	GlobalSection(ProjectConfigurationPlatforms) = postSolution
		{EB19A646-F21D-4CD8-ADC7-D7BCBAE25179}.Debug|Any CPU.ActiveCfg = Debug|Any CPU
		{EB19A646-F21D-4CD8-ADC7-D7BCBAE25179}.Debug|Any CPU.Build.0 = Debug|Any CPU
		{EB19A646-F21D-4CD8-ADC7-D7BCBAE25179}.Release|Any CPU.ActiveCfg = Release|Any CPU
		{EB19A646-F21D-4CD8-ADC7-D7BCBAE25179}.Release|Any CPU.Build.0 = Release|Any CPU
	EndGlobalSection
	GlobalSection(SolutionProperties) = preSolution
		HideSolutionNode = FALSE
	EndGlobalSection
	GlobalSection(ExtensibilityGlobals) = postSolution
		SolutionGuid = {34964BC6-C0DD-4FE0-9F3F-D6D28B3D2E18}
	EndGlobalSection
EndGlobal
